payload:
  - DOMAIN-KEYWORD,msedge
  - DOMAIN-SUFFIX,microsoft.com
  - DOMAIN-SUFFIX,windowsupdate.com
  # 阻止 PCDN
  - DOMAIN-KEYWORD,stun
  - DOMAIN-KEYWORD,turn
  - DOMAIN-KEYWORD,pcdn
  - DOMAIN-KEYWORD,p2p
  - DOMAIN-KEYWORD,peer
  - DOMAIN-SUFFIX,baidupcs.com
  - DOMAIN-SUFFIX,xunlei.com
  - DOMAIN-SUFFIX,cdn.qq.com
  - DOMAIN-SUFFIX,cdn.letv.com
  - IP-CIDR,103.11.9.33/32
